
Microsoft Visual Studio Solution File, Format Version 12.00
# Visual Studio Version 17
VisualStudioVersion = 17.13.35931.197 d17.13
MinimumVisualStudioVersion = 10.0.40219.1
Project("{FAE04EC0-301F-11D3-BF4B-00C04F79EFBC}") = "ThucTapChuan", "ThucTapChuan\ThucTapChuan.csproj", "{21853499-AED3-4BD7-A31E-BC19D9D142B6}"
EndProject
Global
	GlobalSection(SolutionConfigurationPlatforms) = preSolution
		Debug|Any CPU = Debug|Any CPU
		Release|Any CPU = Release|Any CPU
	EndGlobalSection
	GlobalSection(ProjectConfigurationPlatforms) = postSolution
		{21853499-AED3-4BD7-A31E-BC19D9D142B6}.Debug|Any CPU.ActiveCfg = Debug|Any CPU
		{21853499-AED3-4BD7-A31E-BC19D9D142B6}.Debug|Any CPU.Build.0 = Debug|Any CPU
		{21853499-AED3-4BD7-A31E-BC19D9D142B6}.Release|Any CPU.ActiveCfg = Release|Any CPU
		{21853499-AED3-4BD7-A31E-BC19D9D142B6}.Release|Any CPU.Build.0 = Release|Any CPU
	EndGlobalSection
	GlobalSection(SolutionProperties) = preSolution
		HideSolutionNode = FALSE
	EndGlobalSection
	GlobalSection(ExtensibilityGlobals) = postSolution
		SolutionGuid = {EDD371E9-CA54-4036-B77B-15B08C1290CD}
	EndGlobalSection
EndGlobal
